// !$*UTF8*$!
{
	archiveVersion = 1;
	classes = {
	};
	objectVersion = 48;
	objects = {

/* Begin PBXBuildFile section */
		043E38611FBACE6F00ED03B1 /* AppDelegate.swift in Sources */ = {isa = PBXBuildFile; fileRef = 043E38601FBACE6F00ED03B1 /* AppDelegate.swift */; };
		043E38631FBACE6F00ED03B1 /* ViewController.swift in Sources */ = {isa = PBXBuildFile; fileRef = 043E38621FBACE6F00ED03B1 /* ViewController.swift */; };
		043E38681FBACE6F00ED03B1 /* Assets.xcassets in Resources */ = {isa = PBXBuildFile; fileRef = 043E38671FBACE6F00ED03B1 /* Assets.xcassets */; };
		043E386B1FBACE6F00ED03B1 /* LaunchScreen.storyboard in Resources */ = {isa = PBXBuildFile; fileRef = 043E38691FBACE6F00ED03B1 /* LaunchScreen.storyboard */; };
		043E38D91FBADAB000ED03B1 /* ArrayExtension.swift in Sources */ = {isa = PBXBuildFile; fileRef = 043E38C61FBADAB000ED03B1 /* ArrayExtension.swift */; };
		043E38DA1FBADAB000ED03B1 /* CollectionExtension.swift in Sources */ = {isa = PBXBuildFile; fileRef = 043E38C71FBADAB000ED03B1 /* CollectionExtension.swift */; };
		043E38DB1FBADAB000ED03B1 /* DataExtension.swift in Sources */ = {isa = PBXBuildFile; fileRef = 043E38C81FBADAB000ED03B1 /* DataExtension.swift */; };
		043E38DC1FBADAB000ED03B1 /* DateExtension.swift in Sources */ = {isa = PBXBuildFile; fileRef = 043E38C91FBADAB000ED03B1 /* DateExtension.swift */; };
		043E38DD1FBADAB000ED03B1 /* DictionaryExtension.swift in Sources */ = {isa = PBXBuildFile; fileRef = 043E38CA1FBADAB000ED03B1 /* DictionaryExtension.swift */; };
		043E38DE1FBADAB000ED03B1 /* NSObejctExtension.swift in Sources */ = {isa = PBXBuildFile; fileRef = 043E38CB1FBADAB000ED03B1 /* NSObejctExtension.swift */; };
		043E38DF1FBADAB000ED03B1 /* NumberExtension.swift in Sources */ = {isa = PBXBuildFile; fileRef = 043E38CC1FBADAB000ED03B1 /* NumberExtension.swift */; };
		043E38E01FBADAB000ED03B1 /* Queue.swift in Sources */ = {isa = PBXBuildFile; fileRef = 043E38CD1FBADAB000ED03B1 /* Queue.swift */; };
		043E38E11FBADAB000ED03B1 /* SDWebImageExtension.swift in Sources */ = {isa = PBXBuildFile; fileRef = 043E38CE1FBADAB000ED03B1 /* SDWebImageExtension.swift */; };
		043E38E21FBADAB000ED03B1 /* SwiftyJSONExtension.swift in Sources */ = {isa = PBXBuildFile; fileRef = 043E38CF1FBADAB000ED03B1 /* SwiftyJSONExtension.swift */; };
		043E38E31FBADAB000ED03B1 /* UIAlertControllerExtension.swift in Sources */ = {isa = PBXBuildFile; fileRef = 043E38D01FBADAB000ED03B1 /* UIAlertControllerExtension.swift */; };
		043E38E41FBADAB000ED03B1 /* UIApplicationExtension.swift in Sources */ = {isa = PBXBuildFile; fileRef = 043E38D11FBADAB000ED03B1 /* UIApplicationExtension.swift */; };
		043E38E51FBADAB000ED03B1 /* UICollectionViewExtension.swift in Sources */ = {isa = PBXBuildFile; fileRef = 043E38D21FBADAB000ED03B1 /* UICollectionViewExtension.swift */; };
		043E38E61FBADAB000ED03B1 /* UIColorExtension.swift in Sources */ = {isa = PBXBuildFile; fileRef = 043E38D31FBADAB000ED03B1 /* UIColorExtension.swift */; };
		043E38E71FBADAB000ED03B1 /* UIImageExtension.swift in Sources */ = {isa = PBXBuildFile; fileRef = 043E38D41FBADAB000ED03B1 /* UIImageExtension.swift */; };
		043E38E81FBADAB000ED03B1 /* UILabelExtension.swift in Sources */ = {isa = PBXBuildFile; fileRef = 043E38D51FBADAB000ED03B1 /* UILabelExtension.swift */; };
		043E38E91FBADAB000ED03B1 /* UITableViewExtensios.swift in Sources */ = {isa = PBXBuildFile; fileRef = 043E38D61FBADAB000ED03B1 /* UITableViewExtensios.swift */; };
		043E38EA1FBADAB000ED03B1 /* UIViewControllerExtension.swift in Sources */ = {isa = PBXBuildFile; fileRef = 043E38D71FBADAB000ED03B1 /* UIViewControllerExtension.swift */; };
		043E38EB1FBADAB000ED03B1 /* UIViewExtension.swift in Sources */ = {isa = PBXBuildFile; fileRef = 043E38D81FBADAB000ED03B1 /* UIViewExtension.swift */; };
		043E38EE1FBADF8900ED03B1 /* PageCollectionViewCell.swift in Sources */ = {isa = PBXBuildFile; fileRef = 043E38EC1FBADF8900ED03B1 /* PageCollectionViewCell.swift */; };
		043E38EF1FBADF8900ED03B1 /* PageCollectionViewCell.xib in Resources */ = {isa = PBXBuildFile; fileRef = 043E38ED1FBADF8900ED03B1 /* PageCollectionViewCell.xib */; };
		043E38FA1FBAE0B000ED03B1 /* RunningCollectionViewCell.swift in Sources */ = {isa = PBXBuildFile; fileRef = 043E38F81FBAE0B000ED03B1 /* RunningCollectionViewCell.swift */; };
		043E38FB1FBAE0B000ED03B1 /* RunningCollectionViewCell.xib in Resources */ = {isa = PBXBuildFile; fileRef = 043E38F91FBAE0B000ED03B1 /* RunningCollectionViewCell.xib */; };
		04A342AA1FBBED04002B3A98 /* IconsCollectionViewCell.swift in Sources */ = {isa = PBXBuildFile; fileRef = 04A342A81FBBED04002B3A98 /* IconsCollectionViewCell.swift */; };
		04A342AB1FBBED04002B3A98 /* IconsCollectionViewCell.xib in Resources */ = {isa = PBXBuildFile; fileRef = 04A342A91FBBED04002B3A98 /* IconsCollectionViewCell.xib */; };
/* End PBXBuildFile section */

/* Begin PBXFileReference section */
		043E385D1FBACE6F00ED03B1 /* project16.app */ = {isa = PBXFileReference; explicitFileType = wrapper.application; includeInIndex = 0; path = project16.app; sourceTree = BUILT_PRODUCTS_DIR; };
		043E38601FBACE6F00ED03B1 /* AppDelegate.swift */ = {isa = PBXFileReference; lastKnownFileType = sourcecode.swift; path = AppDelegate.swift; sourceTree = "<group>"; };
		043E38621FBACE6F00ED03B1 /* ViewController.swift */ = {isa = PBXFileReference; lastKnownFileType = sourcecode.swift; path = ViewController.swift; sourceTree = "<group>"; };
		043E38671FBACE6F00ED03B1 /* Assets.xcassets */ = {isa = PBXFileReference; lastKnownFileType = folder.assetcatalog; path = Assets.xcassets; sourceTree = "<group>"; };
		043E386A1FBACE6F00ED03B1 /* Base */ = {isa = PBXFileReference; lastKnownFileType = file.storyboard; name = Base; path = Base.lproj/LaunchScreen.storyboard; sourceTree = "<group>"; };
		043E386C1FBACE6F00ED03B1 /* Info.plist */ = {isa = PBXFileReference; lastKnownFileType = text.plist.xml; path = Info.plist; sourceTree = "<group>"; };
		043E38C61FBADAB000ED03B1 /* ArrayExtension.swift */ = {isa = PBXFileReference; fileEncoding = 4; lastKnownFileType = sourcecode.swift; path = ArrayExtension.swift; sourceTree = "<group>"; };
		043E38C71FBADAB000ED03B1 /* CollectionExtension.swift */ = {isa = PBXFileReference; fileEncoding = 4; lastKnownFileType = sourcecode.swift; path = CollectionExtension.swift; sourceTree = "<group>"; };
		043E38C81FBADAB000ED03B1 /* DataExtension.swift */ = {isa = PBXFileReference; fileEncoding = 4; lastKnownFileType = sourcecode.swift; path = DataExtension.swift; sourceTree = "<group>"; };
		043E38C91FBADAB000ED03B1 /* DateExtension.swift */ = {isa = PBXFileReference; fileEncoding = 4; lastKnownFileType = sourcecode.swift; path = DateExtension.swift; sourceTree = "<group>"; };
		043E38CA1FBADAB000ED03B1 /* DictionaryExtension.swift */ = {isa = PBXFileReference; fileEncoding = 4; lastKnownFileType = sourcecode.swift; path = DictionaryExtension.swift; sourceTree = "<group>"; };
		043E38CB1FBADAB000ED03B1 /* NSObejctExtension.swift */ = {isa = PBXFileReference; fileEncoding = 4; lastKnownFileType = sourcecode.swift; path = NSObejctExtension.swift; sourceTree = "<group>"; };
		043E38CC1FBADAB000ED03B1 /* NumberExtension.swift */ = {isa = PBXFileReference; fileEncoding = 4; lastKnownFileType = sourcecode.swift; path = NumberExtension.swift; sourceTree = "<group>"; };
		043E38CD1FBADAB000ED03B1 /* Queue.swift */ = {isa = PBXFileReference; fileEncoding = 4; lastKnownFileType = sourcecode.swift; path = Queue.swift; sourceTree = "<group>"; };
		043E38CE1FBADAB000ED03B1 /* SDWebImageExtension.swift */ = {isa = PBXFileReference; fileEncoding = 4; lastKnownFileType = sourcecode.swift; path = SDWebImageExtension.swift; sourceTree = "<group>"; };
		043E38CF1FBADAB000ED03B1 /* SwiftyJSONExtension.swift */ = {isa = PBXFileReference; fileEncoding = 4; lastKnownFileType = sourcecode.swift; path = SwiftyJSONExtension.swift; sourceTree = "<group>"; };
		043E38D01FBADAB000ED03B1 /* UIAlertControllerExtension.swift */ = {isa = PBXFileReference; fileEncoding = 4; lastKnownFileType = sourcecode.swift; path = UIAlertControllerExtension.swift; sourceTree = "<group>"; };
		043E38D11FBADAB000ED03B1 /* UIApplicationExtension.swift */ = {isa = PBXFileReference; fileEncoding = 4; lastKnownFileType = sourcecode.swift; path = UIApplicationExtension.swift; sourceTree = "<group>"; };
		043E38D21FBADAB000ED03B1 /* UICollectionViewExtension.swift */ = {isa = PBXFileReference; fileEncoding = 4; lastKnownFileType = sourcecode.swift; path = UICollectionViewExtension.swift; sourceTree = "<group>"; };
		043E38D31FBADAB000ED03B1 /* UIColorExtension.swift */ = {isa = PBXFileReference; fileEncoding = 4; lastKnownFileType = sourcecode.swift; path = UIColorExtension.swift; sourceTree = "<group>"; };
		043E38D41FBADAB000ED03B1 /* UIImageExtension.swift */ = {isa = PBXFileReference; fileEncoding = 4; lastKnownFileType = sourcecode.swift; path = UIImageExtension.swift; sourceTree = "<group>"; };
		043E38D51FBADAB000ED03B1 /* UILabelExtension.swift */ = {isa = PBXFileReference; fileEncoding = 4; lastKnownFileType = sourcecode.swift; path = UILabelExtension.swift; sourceTree = "<group>"; };
		043E38D61FBADAB000ED03B1 /* UITableViewExtensios.swift */ = {isa = PBXFileReference; fileEncoding = 4; lastKnownFileType = sourcecode.swift; path = UITableViewExtensios.swift; sourceTree = "<group>"; };
		043E38D71FBADAB000ED03B1 /* UIViewControllerExtension.swift */ = {isa = PBXFileReference; fileEncoding = 4; lastKnownFileType = sourcecode.swift; path = UIViewControllerExtension.swift; sourceTree = "<group>"; };
		043E38D81FBADAB000ED03B1 /* UIViewExtension.swift */ = {isa = PBXFileReference; fileEncoding = 4; lastKnownFileType = sourcecode.swift; path = UIViewExtension.swift; sourceTree = "<group>"; };
		043E38EC1FBADF8900ED03B1 /* PageCollectionViewCell.swift */ = {isa = PBXFileReference; lastKnownFileType = sourcecode.swift; path = PageCollectionViewCell.swift; sourceTree = "<group>"; };
		043E38ED1FBADF8900ED03B1 /* PageCollectionViewCell.xib */ = {isa = PBXFileReference; lastKnownFileType = file.xib; path = PageCollectionViewCell.xib; sourceTree = "<group>"; };
		043E38F81FBAE0B000ED03B1 /* RunningCollectionViewCell.swift */ = {isa = PBXFileReference; lastKnownFileType = sourcecode.swift; path = RunningCollectionViewCell.swift; sourceTree = "<group>"; };
		043E38F91FBAE0B000ED03B1 /* RunningCollectionViewCell.xib */ = {isa = PBXFileReference; lastKnownFileType = file.xib; path = RunningCollectionViewCell.xib; sourceTree = "<group>"; };
		04A342A81FBBED04002B3A98 /* IconsCollectionViewCell.swift */ = {isa = PBXFileReference; lastKnownFileType = sourcecode.swift; path = IconsCollectionViewCell.swift; sourceTree = "<group>"; };
		04A342A91FBBED04002B3A98 /* IconsCollectionViewCell.xib */ = {isa = PBXFileReference; lastKnownFileType = file.xib; path = IconsCollectionViewCell.xib; sourceTree = "<group>"; };
/* End PBXFileReference section */

/* Begin PBXFrameworksBuildPhase section */
		043E385A1FBACE6F00ED03B1 /* Frameworks */ = {
			isa = PBXFrameworksBuildPhase;
			buildActionMask = 2147483647;
			files = (
			);
			runOnlyForDeploymentPostprocessing = 0;
		};
/* End PBXFrameworksBuildPhase section */

/* Begin PBXGroup section */
		043E38541FBACE6F00ED03B1 = {
			isa = PBXGroup;
			children = (
				043E385F1FBACE6F00ED03B1 /* project16 */,
				043E385E1FBACE6F00ED03B1 /* Products */,
			);
			sourceTree = "<group>";
		};
		043E385E1FBACE6F00ED03B1 /* Products */ = {
			isa = PBXGroup;
			children = (
				043E385D1FBACE6F00ED03B1 /* project16.app */,
			);
			name = Products;
			sourceTree = "<group>";
		};
		043E385F1FBACE6F00ED03B1 /* project16 */ = {
			isa = PBXGroup;
			children = (
				043E38C51FBADAB000ED03B1 /* Extensions */,
				043E38601FBACE6F00ED03B1 /* AppDelegate.swift */,
				043E38621FBACE6F00ED03B1 /* ViewController.swift */,
				043E38EC1FBADF8900ED03B1 /* PageCollectionViewCell.swift */,
				043E38ED1FBADF8900ED03B1 /* PageCollectionViewCell.xib */,
				043E38F81FBAE0B000ED03B1 /* RunningCollectionViewCell.swift */,
				043E38F91FBAE0B000ED03B1 /* RunningCollectionViewCell.xib */,
				04A342A81FBBED04002B3A98 /* IconsCollectionViewCell.swift */,
				04A342A91FBBED04002B3A98 /* IconsCollectionViewCell.xib */,
				043E38671FBACE6F00ED03B1 /* Assets.xcassets */,
				043E38691FBACE6F00ED03B1 /* LaunchScreen.storyboard */,
				043E386C1FBACE6F00ED03B1 /* Info.plist */,
			);
			path = project16;
			sourceTree = "<group>";
		};
		043E38C51FBADAB000ED03B1 /* Extensions */ = {
			isa = PBXGroup;
			children = (
				043E38C61FBADAB000ED03B1 /* ArrayExtension.swift */,
				043E38C71FBADAB000ED03B1 /* CollectionExtension.swift */,
				043E38C81FBADAB000ED03B1 /* DataExtension.swift */,
				043E38C91FBADAB000ED03B1 /* DateExtension.swift */,
				043E38CA1FBADAB000ED03B1 /* DictionaryExtension.swift */,
				043E38CB1FBADAB000ED03B1 /* NSObejctExtension.swift */,
				043E38CC1FBADAB000ED03B1 /* NumberExtension.swift */,
				043E38CD1FBADAB000ED03B1 /* Queue.swift */,
				043E38CE1FBADAB000ED03B1 /* SDWebImageExtension.swift */,
				043E38CF1FBADAB000ED03B1 /* SwiftyJSONExtension.swift */,
				043E38D01FBADAB000ED03B1 /* UIAlertControllerExtension.swift */,
				043E38D11FBADAB000ED03B1 /* UIApplicationExtension.swift */,
				043E38D21FBADAB000ED03B1 /* UICollectionViewExtension.swift */,
				043E38D31FBADAB000ED03B1 /* UIColorExtension.swift */,
				043E38D41FBADAB000ED03B1 /* UIImageExtension.swift */,
				043E38D51FBADAB000ED03B1 /* UILabelExtension.swift */,
				043E38D61FBADAB000ED03B1 /* UITableViewExtensios.swift */,
				043E38D71FBADAB000ED03B1 /* UIViewControllerExtension.swift */,
				043E38D81FBADAB000ED03B1 /* UIViewExtension.swift */,
			);
			name = Extensions;
			path = ../../StaytunediOS/StaytunediOS/Extensions;
			sourceTree = "<group>";
		};
/* End PBXGroup section */

/* Begin PBXNativeTarget section */
		043E385C1FBACE6F00ED03B1 /* project16 */ = {
			isa = PBXNativeTarget;
			buildConfigurationList = 043E386F1FBACE6F00ED03B1 /* Build configuration list for PBXNativeTarget "project16" */;
			buildPhases = (
				043E38591FBACE6F00ED03B1 /* Sources */,
				043E385A1FBACE6F00ED03B1 /* Frameworks */,
				043E385B1FBACE6F00ED03B1 /* Resources */,
			);
			buildRules = (
			);
			dependencies = (
			);
			name = project16;
			productName = project16;
			productReference = 043E385D1FBACE6F00ED03B1 /* project16.app */;
			productType = "com.apple.product-type.application";
		};
/* End PBXNativeTarget section */

/* Begin PBXProject section */
		043E38551FBACE6F00ED03B1 /* Project object */ = {
			isa = PBXProject;
			attributes = {
				LastSwiftUpdateCheck = 0910;
				LastUpgradeCheck = 0910;
				ORGANIZATIONNAME = "Sunny Lee";
				TargetAttributes = {
					043E385C1FBACE6F00ED03B1 = {
						CreatedOnToolsVersion = 9.1;
						ProvisioningStyle = Automatic;
					};
				};
			};
			buildConfigurationList = 043E38581FBACE6F00ED03B1 /* Build configuration list for PBXProject "project16" */;
			compatibilityVersion = "Xcode 8.0";
			developmentRegion = en;
			hasScannedForEncodings = 0;
			knownRegions = (
				en,
				Base,
			);
			mainGroup = 043E38541FBACE6F00ED03B1;
			productRefGroup = 043E385E1FBACE6F00ED03B1 /* Products */;
			projectDirPath = "";
			projectRoot = "";
			targets = (
				043E385C1FBACE6F00ED03B1 /* project16 */,
			);
		};
/* End PBXProject section */

/* Begin PBXResourcesBuildPhase section */
		043E385B1FBACE6F00ED03B1 /* Resources */ = {
			isa = PBXResourcesBuildPhase;
			buildActionMask = 2147483647;
			files = (
				043E386B1FBACE6F00ED03B1 /* LaunchScreen.storyboard in Resources */,
				043E38EF1FBADF8900ED03B1 /* PageCollectionViewCell.xib in Resources */,
				043E38FB1FBAE0B000ED03B1 /* RunningCollectionViewCell.xib in Resources */,
				04A342AB1FBBED04002B3A98 /* IconsCollectionViewCell.xib in Resources */,
				043E38681FBACE6F00ED03B1 /* Assets.xcassets in Resources */,
			);
			runOnlyForDeploymentPostprocessing = 0;
		};
/* End PBXResourcesBuildPhase section */

/* Begin PBXSourcesBuildPhase section */
		043E38591FBACE6F00ED03B1 /* Sources */ = {
			isa = PBXSourcesBuildPhase;
			buildActionMask = 2147483647;
			files = (
				043E38D91FBADAB000ED03B1 /* ArrayExtension.swift in Sources */,
				043E38E21FBADAB000ED03B1 /* SwiftyJSONExtension.swift in Sources */,
				043E38FA1FBAE0B000ED03B1 /* RunningCollectionViewCell.swift in Sources */,
				043E38E71FBADAB000ED03B1 /* UIImageExtension.swift in Sources */,
				043E38E31FBADAB000ED03B1 /* UIAlertControllerExtension.swift in Sources */,
				043E38DC1FBADAB000ED03B1 /* DateExtension.swift in Sources */,
				043E38E51FBADAB000ED03B1 /* UICollectionViewExtension.swift in Sources */,
				043E38DA1FBADAB000ED03B1 /* CollectionExtension.swift in Sources */,
				043E38631FBACE6F00ED03B1 /* ViewController.swift in Sources */,
				043E38611FBACE6F00ED03B1 /* AppDelegate.swift in Sources */,
				043E38E01FBADAB000ED03B1 /* Queue.swift in Sources */,
				043E38DD1FBADAB000ED03B1 /* DictionaryExtension.swift in Sources */,
				043E38DB1FBADAB000ED03B1 /* DataExtension.swift in Sources */,
				043E38EA1FBADAB000ED03B1 /* UIViewControllerExtension.swift in Sources */,
				043E38E61FBADAB000ED03B1 /* UIColorExtension.swift in Sources */,
				043E38E11FBADAB000ED03B1 /* SDWebImageExtension.swift in Sources */,
				043E38E91FBADAB000ED03B1 /* UITableViewExtensios.swift in Sources */,
				043E38DE1FBADAB000ED03B1 /* NSObejctExtension.swift in Sources */,
				043E38EE1FBADF8900ED03B1 /* PageCollectionViewCell.swift in Sources */,
				04A342AA1FBBED04002B3A98 /* IconsCollectionViewCell.swift in Sources */,
				043E38E41FBADAB000ED03B1 /* UIApplicationExtension.swift in Sources */,
				043E38EB1FBADAB000ED03B1 /* UIViewExtension.swift in Sources */,
				043E38E81FBADAB000ED03B1 /* UILabelExtension.swift in Sources */,
				043E38DF1FBADAB000ED03B1 /* NumberExtension.swift in Sources */,
			);
			runOnlyForDeploymentPostprocessing = 0;
		};
/* End PBXSourcesBuildPhase section */

/* Begin PBXVariantGroup section */
		043E38691FBACE6F00ED03B1 /* LaunchScreen.storyboard */ = {
			isa = PBXVariantGroup;
			children = (
				043E386A1FBACE6F00ED03B1 /* Base */,
			);
			name = LaunchScreen.storyboard;
			sourceTree = "<group>";
		};
/* End PBXVariantGroup section */

/* Begin XCBuildConfiguration section */
		043E386D1FBACE6F00ED03B1 /* Debug */ = {
			isa = XCBuildConfiguration;
			buildSettings = {
				ALWAYS_SEARCH_USER_PATHS = NO;
				CLANG_ANALYZER_NONNULL = YES;
				CLANG_ANALYZER_NUMBER_OBJECT_CONVERSION = YES_AGGRESSIVE;
				CLANG_CXX_LANGUAGE_STANDARD = "gnu++14";
				CLANG_CXX_LIBRARY = "libc++";
				CLANG_ENABLE_MODULES = YES;
				CLANG_ENABLE_OBJC_ARC = YES;
				CLANG_WARN_BLOCK_CAPTURE_AUTORELEASING = YES;
				CLANG_WARN_BOOL_CONVERSION = YES;
				CLANG_WARN_COMMA = YES;
				CLANG_WARN_CONSTANT_CONVERSION = YES;
				CLANG_WARN_DIRECT_OBJC_ISA_USAGE = YES_ERROR;
				CLANG_WARN_DOCUMENTATION_COMMENTS = YES;
				CLANG_WARN_EMPTY_BODY = YES;
				CLANG_WARN_ENUM_CONVERSION = YES;
				CLANG_WARN_INFINITE_RECURSION = YES;
				CLANG_WARN_INT_CONVERSION = YES;
				CLANG_WARN_NON_LITERAL_NULL_CONVERSION = YES;
				CLANG_WARN_OBJC_LITERAL_CONVERSION = YES;
				CLANG_WARN_OBJC_ROOT_CLASS = YES_ERROR;
				CLANG_WARN_RANGE_LOOP_ANALYSIS = YES;
				CLANG_WARN_STRICT_PROTOTYPES = YES;
				CLANG_WARN_SUSPICIOUS_MOVE = YES;
				CLANG_WARN_UNGUARDED_AVAILABILITY = YES_AGGRESSIVE;
				CLANG_WARN_UNREACHABLE_CODE = YES;
				CLANG_WARN__DUPLICATE_METHOD_MATCH = YES;
				CODE_SIGN_IDENTITY = "iPhone Developer";
				COPY_PHASE_STRIP = NO;
				DEBUG_INFORMATION_FORMAT = dwarf;
				ENABLE_STRICT_OBJC_MSGSEND = YES;
				ENABLE_TESTABILITY = YES;
				GCC_C_LANGUAGE_STANDARD = gnu11;
				GCC_DYNAMIC_NO_PIC = NO;
				GCC_NO_COMMON_BLOCKS = YES;
				GCC_OPTIMIZATION_LEVEL = 0;
				GCC_PREPROCESSOR_DEFINITIONS = (
					"DEBUG=1",
					"$(inherited)",
				);
				GCC_WARN_64_TO_32_BIT_CONVERSION = YES;
				GCC_WARN_ABOUT_RETURN_TYPE = YES_ERROR;
				GCC_WARN_UNDECLARED_SELECTOR = YES;
				GCC_WARN_UNINITIALIZED_AUTOS = YES_AGGRESSIVE;
				GCC_WARN_UNUSED_FUNCTION = YES;
				GCC_WARN_UNUSED_VARIABLE = YES;
				IPHONEOS_DEPLOYMENT_TARGET = 11.1;
				MTL_ENABLE_DEBUG_INFO = YES;
				ONLY_ACTIVE_ARCH = YES;
				SDKROOT = iphoneos;
				SWIFT_ACTIVE_COMPILATION_CONDITIONS = DEBUG;
				SWIFT_OPTIMIZATION_LEVEL = "-Onone";
			};
			name = Debug;
		};
		043E386E1FBACE6F00ED03B1 /* Release */ = {
			isa = XCBuildConfiguration;
			buildSettings = {
				ALWAYS_SEARCH_USER_PATHS = NO;
				CLANG_ANALYZER_NONNULL = YES;
				CLANG_ANALYZER_NUMBER_OBJECT_CONVERSION = YES_AGGRESSIVE;
				CLANG_CXX_LANGUAGE_STANDARD = "gnu++14";
				CLANG_CXX_LIBRARY = "libc++";
				CLANG_ENABLE_MODULES = YES;
				CLANG_ENABLE_OBJC_ARC = YES;
				CLANG_WARN_BLOCK_CAPTURE_AUTORELEASING = YES;
				CLANG_WARN_BOOL_CONVERSION = YES;
				CLANG_WARN_COMMA = YES;
				CLANG_WARN_CONSTANT_CONVERSION = YES;
				CLANG_WARN_DIRECT_OBJC_ISA_USAGE = YES_ERROR;
				CLANG_WARN_DOCUMENTATION_COMMENTS = YES;
				CLANG_WARN_EMPTY_BODY = YES;
				CLANG_WARN_ENUM_CONVERSION = YES;
				CLANG_WARN_INFINITE_RECURSION = YES;
				CLANG_WARN_INT_CONVERSION = YES;
				CLANG_WARN_NON_LITERAL_NULL_CONVERSION = YES;
				CLANG_WARN_OBJC_LITERAL_CONVERSION = YES;
				CLANG_WARN_OBJC_ROOT_CLASS = YES_ERROR;
				CLANG_WARN_RANGE_LOOP_ANALYSIS = YES;
				CLANG_WARN_STRICT_PROTOTYPES = YES;
				CLANG_WARN_SUSPICIOUS_MOVE = YES;
				CLANG_WARN_UNGUARDED_AVAILABILITY = YES_AGGRESSIVE;
				CLANG_WARN_UNREACHABLE_CODE = YES;
				CLANG_WARN__DUPLICATE_METHOD_MATCH = YES;
				CODE_SIGN_IDENTITY = "iPhone Developer";
				COPY_PHASE_STRIP = NO;
				DEBUG_INFORMATION_FORMAT = "dwarf-with-dsym";
				ENABLE_NS_ASSERTIONS = NO;
				ENABLE_STRICT_OBJC_MSGSEND = YES;
				GCC_C_LANGUAGE_STANDARD = gnu11;
				GCC_NO_COMMON_BLOCKS = YES;
				GCC_WARN_64_TO_32_BIT_CONVERSION = YES;
				GCC_WARN_ABOUT_RETURN_TYPE = YES_ERROR;
				GCC_WARN_UNDECLARED_SELECTOR = YES;
				GCC_WARN_UNINITIALIZED_AUTOS = YES_AGGRESSIVE;
				GCC_WARN_UNUSED_FUNCTION = YES;
				GCC_WARN_UNUSED_VARIABLE = YES;
				IPHONEOS_DEPLOYMENT_TARGET = 11.1;
				MTL_ENABLE_DEBUG_INFO = NO;
				SDKROOT = iphoneos;
				SWIFT_OPTIMIZATION_LEVEL = "-Owholemodule";
				VALIDATE_PRODUCT = YES;
			};
			name = Release;
		};
		043E38701FBACE6F00ED03B1 /* Debug */ = {
			isa = XCBuildConfiguration;
			buildSettings = {
				ASSETCATALOG_COMPILER_APPICON_NAME = AppIcon;
				CODE_SIGN_STYLE = Automatic;
				DEVELOPMENT_TEAM = VJGEDW5SA9;
				INFOPLIST_FILE = project16/Info.plist;
				LD_RUNPATH_SEARCH_PATHS = "$(inherited) @executable_path/Frameworks";
				PRODUCT_BUNDLE_IDENTIFIER = com.sunnyleeyun.project16;
				PRODUCT_NAME = "$(TARGET_NAME)";
				SWIFT_VERSION = 4.0;
				TARGETED_DEVICE_FAMILY = "1,2";
			};
			name = Debug;
		};
		043E38711FBACE6F00ED03B1 /* Release */ = {
			isa = XCBuildConfiguration;
			buildSettings = {
				ASSETCATALOG_COMPILER_APPICON_NAME = AppIcon;
				CODE_SIGN_STYLE = Automatic;
				DEVELOPMENT_TEAM = VJGEDW5SA9;
				INFOPLIST_FILE = project16/Info.plist;
				LD_RUNPATH_SEARCH_PATHS = "$(inherited) @executable_path/Frameworks";
				PRODUCT_BUNDLE_IDENTIFIER = com.sunnyleeyun.project16;
				PRODUCT_NAME = "$(TARGET_NAME)";
				SWIFT_VERSION = 4.0;
				TARGETED_DEVICE_FAMILY = "1,2";
			};
			name = Release;
		};
/* End XCBuildConfiguration section */

/* Begin XCConfigurationList section */
		043E38581FBACE6F00ED03B1 /* Build configuration list for PBXProject "project16" */ = {
			isa = XCConfigurationList;
			buildConfigurations = (
				043E386D1FBACE6F00ED03B1 /* Debug */,
				043E386E1FBACE6F00ED03B1 /* Release */,
			);
			defaultConfigurationIsVisible = 0;
			defaultConfigurationName = Release;
		};
		043E386F1FBACE6F00ED03B1 /* Build configuration list for PBXNativeTarget "project16" */ = {
			isa = XCConfigurationList;
			buildConfigurations = (
				043E38701FBACE6F00ED03B1 /* Debug */,
				043E38711FBACE6F00ED03B1 /* Release */,
			);
			defaultConfigurationIsVisible = 0;
			defaultConfigurationName = Release;
		};
/* End XCConfigurationList section */
	};
	rootObject = 043E38551FBACE6F00ED03B1 /* Project object */;
}
